
Microsoft Visual Studio Solution File, Format Version 12.00
# Visual Studio Version 16
VisualStudioVersion = 16.0.30717.126
MinimumVisualStudioVersion = 10.0.40219.1
Project("{8BC9CEB8-8B4A-11D0-8D11-00A0C91BC942}") = "ws_heartbeat", "ws_heartbeat.vcxproj", "{CCF707B6-94F1-4B91-8C1F-32287F1F70BD}"
EndProject
Global
	GlobalSection(SolutionConfigurationPlatforms) = preSolution
		Debug|x64 = Debug|x64
		Debug|x86 = Debug|x86
		Release|x64 = Release|x64
		Release|x86 = Release|x86
	EndGlobalSection
	GlobalSection(ProjectConfigurationPlatforms) = postSolution
		{CCF707B6-94F1-4B91-8C1F-32287F1F70BD}.Debug|x64.ActiveCfg = Debug|x64
		{CCF707B6-94F1-4B91-8C1F-32287F1F70BD}.Debug|x64.Build.0 = Debug|x64
		{CCF707B6-94F1-4B91-8C1F-32287F1F70BD}.Debug|x86.ActiveCfg = Debug|Win32
		{CCF707B6-94F1-4B91-8C1F-32287F1F70BD}.Debug|x86.Build.0 = Debug|Win32
		{CCF707B6-94F1-4B91-8C1F-32287F1F70BD}.Release|x64.ActiveCfg = Release|x64
		{CCF707B6-94F1-4B91-8C1F-32287F1F70BD}.Release|x64.Build.0 = Release|x64
		{CCF707B6-94F1-4B91-8C1F-32287F1F70BD}.Release|x86.ActiveCfg = Release|Win32
		{CCF707B6-94F1-4B91-8C1F-32287F1F70BD}.Release|x86.Build.0 = Release|Win32
	EndGlobalSection
	GlobalSection(SolutionProperties) = preSolution
		HideSolutionNode = FALSE
	EndGlobalSection
	GlobalSection(ExtensibilityGlobals) = postSolution
		SolutionGuid = {FB723DEE-24D2-4531-AFBB-1706D806E69A}
	EndGlobalSection
EndGlobal
